// !$*UTF8*$!
{
	archiveVersion = 1;
	classes = {
	};
	objectVersion = 60;
	objects = {

/* Begin PBXBuildFile section */
		4820CAFD2C2316C8008B12B5 /* Assignment_1App.swift in Sources */ = {isa = PBXBuildFile; fileRef = 4820CAFC2C2316C8008B12B5 /* Assignment_1App.swift */; };
		4820CAFF2C2316C8008B12B5 /* WelcomeView.swift in Sources */ = {isa = PBXBuildFile; fileRef = 4820CAFE2C2316C8008B12B5 /* WelcomeView.swift */; };
		4820CB012C2316CA008B12B5 /* Assets.xcassets in Resources */ = {isa = PBXBuildFile; fileRef = 4820CB002C2316CA008B12B5 /* Assets.xcassets */; };
		4820CB042C2316CA008B12B5 /* Preview Assets.xcassets in Resources */ = {isa = PBXBuildFile; fileRef = 4820CB032C2316CA008B12B5 /* Preview Assets.xcassets */; };
		4820CB0E2C2316CA008B12B5 /* Assignment_1Tests.swift in Sources */ = {isa = PBXBuildFile; fileRef = 4820CB0D2C2316CA008B12B5 /* Assignment_1Tests.swift */; };
		4820CB182C2316CA008B12B5 /* Assignment_1UITests.swift in Sources */ = {isa = PBXBuildFile; fileRef = 4820CB172C2316CA008B12B5 /* Assignment_1UITests.swift */; };
		4820CB1A2C2316CA008B12B5 /* Assignment_1UITestsLaunchTests.swift in Sources */ = {isa = PBXBuildFile; fileRef = 4820CB192C2316CA008B12B5 /* Assignment_1UITestsLaunchTests.swift */; };
		486355E42C26200B007939F2 /* LoginView.swift in Sources */ = {isa = PBXBuildFile; fileRef = 486355E32C262008007939F2 /* LoginView.swift */; };
		486355E72C262B9C007939F2 /* GoogleSignIn in Frameworks */ = {isa = PBXBuildFile; productRef = 486355E62C262B9C007939F2 /* GoogleSignIn */; };
		486355E92C262B9C007939F2 /* GoogleSignInSwift in Frameworks */ = {isa = PBXBuildFile; productRef = 486355E82C262B9C007939F2 /* GoogleSignInSwift */; };
		486355EB2C262C40007939F2 /* AppDelegate.swift in Sources */ = {isa = PBXBuildFile; fileRef = 486355EA2C262C3C007939F2 /* AppDelegate.swift */; };
		486355EF2C2634B2007939F2 /* UIViewRepresentable.swift in Sources */ = {isa = PBXBuildFile; fileRef = 486355EE2C2634AC007939F2 /* UIViewRepresentable.swift */; };
		486355F22C2637F6007939F2 /* GoogleService-Info.plist in Resources */ = {isa = PBXBuildFile; fileRef = 486355F12C2637F6007939F2 /* GoogleService-Info.plist */; };
		489DCF852C25CB590061C60B /* SignupView.swift in Sources */ = {isa = PBXBuildFile; fileRef = 489DCF842C25CB530061C60B /* SignupView.swift */; };
/* End PBXBuildFile section */

/* Begin PBXContainerItemProxy section */
		4820CB0A2C2316CA008B12B5 /* PBXContainerItemProxy */ = {
			isa = PBXContainerItemProxy;
			containerPortal = 4820CAF12C2316C8008B12B5 /* Project object */;
			proxyType = 1;
			remoteGlobalIDString = 4820CAF82C2316C8008B12B5;
			remoteInfo = Assignment_1;
		};
		4820CB142C2316CA008B12B5 /* PBXContainerItemProxy */ = {
			isa = PBXContainerItemProxy;
			containerPortal = 4820CAF12C2316C8008B12B5 /* Project object */;
			proxyType = 1;
			remoteGlobalIDString = 4820CAF82C2316C8008B12B5;
			remoteInfo = Assignment_1;
		};
/* End PBXContainerItemProxy section */

/* Begin PBXFileReference section */
		4820CAF92C2316C8008B12B5 /* Assignment_1.app */ = {isa = PBXFileReference; explicitFileType = wrapper.application; includeInIndex = 0; path = Assignment_1.app; sourceTree = BUILT_PRODUCTS_DIR; };
		4820CAFC2C2316C8008B12B5 /* Assignment_1App.swift */ = {isa = PBXFileReference; lastKnownFileType = sourcecode.swift; path = Assignment_1App.swift; sourceTree = "<group>"; };
		4820CAFE2C2316C8008B12B5 /* WelcomeView.swift */ = {isa = PBXFileReference; lastKnownFileType = sourcecode.swift; path = WelcomeView.swift; sourceTree = "<group>"; };
		4820CB002C2316CA008B12B5 /* Assets.xcassets */ = {isa = PBXFileReference; lastKnownFileType = folder.assetcatalog; path = Assets.xcassets; sourceTree = "<group>"; };
		4820CB032C2316CA008B12B5 /* Preview Assets.xcassets */ = {isa = PBXFileReference; lastKnownFileType = folder.assetcatalog; path = "Preview Assets.xcassets"; sourceTree = "<group>"; };
		4820CB092C2316CA008B12B5 /* Assignment_1Tests.xctest */ = {isa = PBXFileReference; explicitFileType = wrapper.cfbundle; includeInIndex = 0; path = Assignment_1Tests.xctest; sourceTree = BUILT_PRODUCTS_DIR; };
		4820CB0D2C2316CA008B12B5 /* Assignment_1Tests.swift */ = {isa = PBXFileReference; lastKnownFileType = sourcecode.swift; path = Assignment_1Tests.swift; sourceTree = "<group>"; };
		4820CB132C2316CA008B12B5 /* Assignment_1UITests.xctest */ = {isa = PBXFileReference; explicitFileType = wrapper.cfbundle; includeInIndex = 0; path = Assignment_1UITests.xctest; sourceTree = BUILT_PRODUCTS_DIR; };
		4820CB172C2316CA008B12B5 /* Assignment_1UITests.swift */ = {isa = PBXFileReference; lastKnownFileType = sourcecode.swift; path = Assignment_1UITests.swift; sourceTree = "<group>"; };
		4820CB192C2316CA008B12B5 /* Assignment_1UITestsLaunchTests.swift */ = {isa = PBXFileReference; lastKnownFileType = sourcecode.swift; path = Assignment_1UITestsLaunchTests.swift; sourceTree = "<group>"; };
		486355E32C262008007939F2 /* LoginView.swift */ = {isa = PBXFileReference; lastKnownFileType = sourcecode.swift; path = LoginView.swift; sourceTree = "<group>"; };
		486355EA2C262C3C007939F2 /* AppDelegate.swift */ = {isa = PBXFileReference; lastKnownFileType = sourcecode.swift; path = AppDelegate.swift; sourceTree = "<group>"; };
		486355EE2C2634AC007939F2 /* UIViewRepresentable.swift */ = {isa = PBXFileReference; lastKnownFileType = sourcecode.swift; path = UIViewRepresentable.swift; sourceTree = "<group>"; };
		486355F02C263687007939F2 /* Assignment-1-Info.plist */ = {isa = PBXFileReference; lastKnownFileType = text.plist; path = "Assignment-1-Info.plist"; sourceTree = SOURCE_ROOT; };
		486355F12C2637F6007939F2 /* GoogleService-Info.plist */ = {isa = PBXFileReference; lastKnownFileType = text.plist.xml; path = "GoogleService-Info.plist"; sourceTree = "<group>"; };
		489DCF842C25CB530061C60B /* SignupView.swift */ = {isa = PBXFileReference; lastKnownFileType = sourcecode.swift; path = SignupView.swift; sourceTree = "<group>"; };
/* End PBXFileReference section */

/* Begin PBXFrameworksBuildPhase section */
		4820CAF62C2316C8008B12B5 /* Frameworks */ = {
			isa = PBXFrameworksBuildPhase;
			buildActionMask = 2147483647;
			files = (
				486355E72C262B9C007939F2 /* GoogleSignIn in Frameworks */,
				486355E92C262B9C007939F2 /* GoogleSignInSwift in Frameworks */,
			);
			runOnlyForDeploymentPostprocessing = 0;
		};
		4820CB062C2316CA008B12B5 /* Frameworks */ = {
			isa = PBXFrameworksBuildPhase;
			buildActionMask = 2147483647;
			files = (
			);
			runOnlyForDeploymentPostprocessing = 0;
		};
		4820CB102C2316CA008B12B5 /* Frameworks */ = {
			isa = PBXFrameworksBuildPhase;
			buildActionMask = 2147483647;
			files = (
			);
			runOnlyForDeploymentPostprocessing = 0;
		};
/* End PBXFrameworksBuildPhase section */

/* Begin PBXGroup section */
		4820CAF02C2316C8008B12B5 = {
			isa = PBXGroup;
			children = (
				4820CAFB2C2316C8008B12B5 /* Assignment_1 */,
				4820CB0C2C2316CA008B12B5 /* Assignment_1Tests */,
				4820CB162C2316CA008B12B5 /* Assignment_1UITests */,
				4820CAFA2C2316C8008B12B5 /* Products */,
			);
			sourceTree = "<group>";
		};
		4820CAFA2C2316C8008B12B5 /* Products */ = {
			isa = PBXGroup;
			children = (
				4820CAF92C2316C8008B12B5 /* Assignment_1.app */,
				4820CB092C2316CA008B12B5 /* Assignment_1Tests.xctest */,
				4820CB132C2316CA008B12B5 /* Assignment_1UITests.xctest */,
			);
			name = Products;
			sourceTree = "<group>";
		};
		4820CAFB2C2316C8008B12B5 /* Assignment_1 */ = {
			isa = PBXGroup;
			children = (
				486355F12C2637F6007939F2 /* GoogleService-Info.plist */,
				486355F02C263687007939F2 /* Assignment-1-Info.plist */,
				486355EA2C262C3C007939F2 /* AppDelegate.swift */,
				4820CAFC2C2316C8008B12B5 /* Assignment_1App.swift */,
				4820CAFE2C2316C8008B12B5 /* WelcomeView.swift */,
				486355EE2C2634AC007939F2 /* UIViewRepresentable.swift */,
				489DCF842C25CB530061C60B /* SignupView.swift */,
				486355E32C262008007939F2 /* LoginView.swift */,
				4820CB002C2316CA008B12B5 /* Assets.xcassets */,
				4820CB022C2316CA008B12B5 /* Preview Content */,
			);
			path = Assignment_1;
			sourceTree = "<group>";
		};
		4820CB022C2316CA008B12B5 /* Preview Content */ = {
			isa = PBXGroup;
			children = (
				4820CB032C2316CA008B12B5 /* Preview Assets.xcassets */,
			);
			path = "Preview Content";
			sourceTree = "<group>";
		};
		4820CB0C2C2316CA008B12B5 /* Assignment_1Tests */ = {
			isa = PBXGroup;
			children = (
				4820CB0D2C2316CA008B12B5 /* Assignment_1Tests.swift */,
			);
			path = Assignment_1Tests;
			sourceTree = "<group>";
		};
		4820CB162C2316CA008B12B5 /* Assignment_1UITests */ = {
			isa = PBXGroup;
			children = (
				4820CB172C2316CA008B12B5 /* Assignment_1UITests.swift */,
				4820CB192C2316CA008B12B5 /* Assignment_1UITestsLaunchTests.swift */,
			);
			path = Assignment_1UITests;
			sourceTree = "<group>";
		};
/* End PBXGroup section */

/* Begin PBXNativeTarget section */
		4820CAF82C2316C8008B12B5 /* Assignment_1 */ = {
			isa = PBXNativeTarget;
			buildConfigurationList = 4820CB1D2C2316CA008B12B5 /* Build configuration list for PBXNativeTarget "Assignment_1" */;
			buildPhases = (
				4820CAF52C2316C8008B12B5 /* Sources */,
				4820CAF62C2316C8008B12B5 /* Frameworks */,
				4820CAF72C2316C8008B12B5 /* Resources */,
			);
			buildRules = (
			);
			dependencies = (
			);
			name = Assignment_1;
			packageProductDependencies = (
				486355E62C262B9C007939F2 /* GoogleSignIn */,
				486355E82C262B9C007939F2 /* GoogleSignInSwift */,
			);
			productName = Assignment_1;
			productReference = 4820CAF92C2316C8008B12B5 /* Assignment_1.app */;
			productType = "com.apple.product-type.application";
		};
		4820CB082C2316CA008B12B5 /* Assignment_1Tests */ = {
			isa = PBXNativeTarget;
			buildConfigurationList = 4820CB202C2316CA008B12B5 /* Build configuration list for PBXNativeTarget "Assignment_1Tests" */;
			buildPhases = (
				4820CB052C2316CA008B12B5 /* Sources */,
				4820CB062C2316CA008B12B5 /* Frameworks */,
				4820CB072C2316CA008B12B5 /* Resources */,
			);
			buildRules = (
			);
			dependencies = (
				4820CB0B2C2316CA008B12B5 /* PBXTargetDependency */,
			);
			name = Assignment_1Tests;
			productName = Assignment_1Tests;
			productReference = 4820CB092C2316CA008B12B5 /* Assignment_1Tests.xctest */;
			productType = "com.apple.product-type.bundle.unit-test";
		};
		4820CB122C2316CA008B12B5 /* Assignment_1UITests */ = {
			isa = PBXNativeTarget;
			buildConfigurationList = 4820CB232C2316CA008B12B5 /* Build configuration list for PBXNativeTarget "Assignment_1UITests" */;
			buildPhases = (
				4820CB0F2C2316CA008B12B5 /* Sources */,
				4820CB102C2316CA008B12B5 /* Frameworks */,
				4820CB112C2316CA008B12B5 /* Resources */,
			);
			buildRules = (
			);
			dependencies = (
				4820CB152C2316CA008B12B5 /* PBXTargetDependency */,
			);
			name = Assignment_1UITests;
			productName = Assignment_1UITests;
			productReference = 4820CB132C2316CA008B12B5 /* Assignment_1UITests.xctest */;
			productType = "com.apple.product-type.bundle.ui-testing";
		};
/* End PBXNativeTarget section */

/* Begin PBXProject section */
		4820CAF12C2316C8008B12B5 /* Project object */ = {
			isa = PBXProject;
			attributes = {
				BuildIndependentTargetsInParallel = 1;
				LastSwiftUpdateCheck = 1600;
				LastUpgradeCheck = 1600;
				TargetAttributes = {
					4820CAF82C2316C8008B12B5 = {
						CreatedOnToolsVersion = 16.0;
					};
					4820CB082C2316CA008B12B5 = {
						CreatedOnToolsVersion = 16.0;
						TestTargetID = 4820CAF82C2316C8008B12B5;
					};
					4820CB122C2316CA008B12B5 = {
						CreatedOnToolsVersion = 16.0;
						TestTargetID = 4820CAF82C2316C8008B12B5;
					};
				};
			};
			buildConfigurationList = 4820CAF42C2316C8008B12B5 /* Build configuration list for PBXProject "Assignment_1" */;
			compatibilityVersion = "Xcode 15.0";
			developmentRegion = en;
			hasScannedForEncodings = 0;
			knownRegions = (
				en,
				Base,
			);
			mainGroup = 4820CAF02C2316C8008B12B5;
			packageReferences = (
				486355E52C262B9C007939F2 /* XCRemoteSwiftPackageReference "GoogleSignIn-iOS" */,
			);
			productRefGroup = 4820CAFA2C2316C8008B12B5 /* Products */;
			projectDirPath = "";
			projectRoot = "";
			targets = (
				4820CAF82C2316C8008B12B5 /* Assignment_1 */,
				4820CB082C2316CA008B12B5 /* Assignment_1Tests */,
				4820CB122C2316CA008B12B5 /* Assignment_1UITests */,
			);
		};
/* End PBXProject section */

/* Begin PBXResourcesBuildPhase section */
		4820CAF72C2316C8008B12B5 /* Resources */ = {
			isa = PBXResourcesBuildPhase;
			buildActionMask = 2147483647;
			files = (
				4820CB042C2316CA008B12B5 /* Preview Assets.xcassets in Resources */,
				4820CB012C2316CA008B12B5 /* Assets.xcassets in Resources */,
				486355F22C2637F6007939F2 /* GoogleService-Info.plist in Resources */,
			);
			runOnlyForDeploymentPostprocessing = 0;
		};
		4820CB072C2316CA008B12B5 /* Resources */ = {
			isa = PBXResourcesBuildPhase;
			buildActionMask = 2147483647;
			files = (
			);
			runOnlyForDeploymentPostprocessing = 0;
		};
		4820CB112C2316CA008B12B5 /* Resources */ = {
			isa = PBXResourcesBuildPhase;
			buildActionMask = 2147483647;
			files = (
			);
			runOnlyForDeploymentPostprocessing = 0;
		};
/* End PBXResourcesBuildPhase section */

/* Begin PBXSourcesBuildPhase section */
		4820CAF52C2316C8008B12B5 /* Sources */ = {
			isa = PBXSourcesBuildPhase;
			buildActionMask = 2147483647;
			files = (
				489DCF852C25CB590061C60B /* SignupView.swift in Sources */,
				4820CAFF2C2316C8008B12B5 /* WelcomeView.swift in Sources */,
				486355E42C26200B007939F2 /* LoginView.swift in Sources */,
				486355EB2C262C40007939F2 /* AppDelegate.swift in Sources */,
				4820CAFD2C2316C8008B12B5 /* Assignment_1App.swift in Sources */,
				486355EF2C2634B2007939F2 /* UIViewRepresentable.swift in Sources */,
			);
			runOnlyForDeploymentPostprocessing = 0;
		};
		4820CB052C2316CA008B12B5 /* Sources */ = {
			isa = PBXSourcesBuildPhase;
			buildActionMask = 2147483647;
			files = (
				4820CB0E2C2316CA008B12B5 /* Assignment_1Tests.swift in Sources */,
			);
			runOnlyForDeploymentPostprocessing = 0;
		};
		4820CB0F2C2316CA008B12B5 /* Sources */ = {
			isa = PBXSourcesBuildPhase;
			buildActionMask = 2147483647;
			files = (
				4820CB182C2316CA008B12B5 /* Assignment_1UITests.swift in Sources */,
				4820CB1A2C2316CA008B12B5 /* Assignment_1UITestsLaunchTests.swift in Sources */,
			);
			runOnlyForDeploymentPostprocessing = 0;
		};
/* End PBXSourcesBuildPhase section */

/* Begin PBXTargetDependency section */
		4820CB0B2C2316CA008B12B5 /* PBXTargetDependency */ = {
			isa = PBXTargetDependency;
			target = 4820CAF82C2316C8008B12B5 /* Assignment_1 */;
			targetProxy = 4820CB0A2C2316CA008B12B5 /* PBXContainerItemProxy */;
		};
		4820CB152C2316CA008B12B5 /* PBXTargetDependency */ = {
			isa = PBXTargetDependency;
			target = 4820CAF82C2316C8008B12B5 /* Assignment_1 */;
			targetProxy = 4820CB142C2316CA008B12B5 /* PBXContainerItemProxy */;
		};
/* End PBXTargetDependency section */

/* Begin XCBuildConfiguration section */
		4820CB1B2C2316CA008B12B5 /* Debug */ = {
			isa = XCBuildConfiguration;
			buildSettings = {
				ALWAYS_SEARCH_USER_PATHS = NO;
				ASSETCATALOG_COMPILER_GENERATE_SWIFT_ASSET_SYMBOL_EXTENSIONS = YES;
				CLANG_ANALYZER_NONNULL = YES;
				CLANG_ANALYZER_NUMBER_OBJECT_CONVERSION = YES_AGGRESSIVE;
				CLANG_CXX_LANGUAGE_STANDARD = "gnu++20";
				CLANG_ENABLE_MODULES = YES;
				CLANG_ENABLE_OBJC_ARC = YES;
				CLANG_ENABLE_OBJC_WEAK = YES;
				CLANG_WARN_BLOCK_CAPTURE_AUTORELEASING = YES;
				CLANG_WARN_BOOL_CONVERSION = YES;
				CLANG_WARN_COMMA = YES;
				CLANG_WARN_CONSTANT_CONVERSION = YES;
				CLANG_WARN_DEPRECATED_OBJC_IMPLEMENTATIONS = YES;
				CLANG_WARN_DIRECT_OBJC_ISA_USAGE = YES_ERROR;
				CLANG_WARN_DOCUMENTATION_COMMENTS = YES;
				CLANG_WARN_EMPTY_BODY = YES;
				CLANG_WARN_ENUM_CONVERSION = YES;
				CLANG_WARN_INFINITE_RECURSION = YES;
				CLANG_WARN_INT_CONVERSION = YES;
				CLANG_WARN_NON_LITERAL_NULL_CONVERSION = YES;
				CLANG_WARN_OBJC_IMPLICIT_RETAIN_SELF = YES;
				CLANG_WARN_OBJC_LITERAL_CONVERSION = YES;
				CLANG_WARN_OBJC_ROOT_CLASS = YES_ERROR;
				CLANG_WARN_QUOTED_INCLUDE_IN_FRAMEWORK_HEADER = YES;
				CLANG_WARN_RANGE_LOOP_ANALYSIS = YES;
				CLANG_WARN_STRICT_PROTOTYPES = YES;
				CLANG_WARN_SUSPICIOUS_MOVE = YES;
				CLANG_WARN_UNGUARDED_AVAILABILITY = YES_AGGRESSIVE;
				CLANG_WARN_UNREACHABLE_CODE = YES;
				CLANG_WARN__DUPLICATE_METHOD_MATCH = YES;
				COPY_PHASE_STRIP = NO;
				DEBUG_INFORMATION_FORMAT = dwarf;
				ENABLE_STRICT_OBJC_MSGSEND = YES;
				ENABLE_TESTABILITY = YES;
				ENABLE_USER_SCRIPT_SANDBOXING = YES;
				GCC_C_LANGUAGE_STANDARD = gnu17;
				GCC_DYNAMIC_NO_PIC = NO;
				GCC_NO_COMMON_BLOCKS = YES;
				GCC_OPTIMIZATION_LEVEL = 0;
				GCC_PREPROCESSOR_DEFINITIONS = (
					"DEBUG=1",
					"$(inherited)",
				);
				GCC_WARN_64_TO_32_BIT_CONVERSION = YES;
				GCC_WARN_ABOUT_RETURN_TYPE = YES_ERROR;
				GCC_WARN_UNDECLARED_SELECTOR = YES;
				GCC_WARN_UNINITIALIZED_AUTOS = YES_AGGRESSIVE;
				GCC_WARN_UNUSED_FUNCTION = YES;
				GCC_WARN_UNUSED_VARIABLE = YES;
				IPHONEOS_DEPLOYMENT_TARGET = 18.0;
				LOCALIZATION_PREFERS_STRING_CATALOGS = YES;
				MTL_ENABLE_DEBUG_INFO = INCLUDE_SOURCE;
				MTL_FAST_MATH = YES;
				ONLY_ACTIVE_ARCH = YES;
				SDKROOT = iphoneos;
				SWIFT_ACTIVE_COMPILATION_CONDITIONS = "DEBUG $(inherited)";
				SWIFT_OPTIMIZATION_LEVEL = "-Onone";
			};
			name = Debug;
		};
		4820CB1C2C2316CA008B12B5 /* Release */ = {
			isa = XCBuildConfiguration;
			buildSettings = {
				ALWAYS_SEARCH_USER_PATHS = NO;
				ASSETCATALOG_COMPILER_GENERATE_SWIFT_ASSET_SYMBOL_EXTENSIONS = YES;
				CLANG_ANALYZER_NONNULL = YES;
				CLANG_ANALYZER_NUMBER_OBJECT_CONVERSION = YES_AGGRESSIVE;
				CLANG_CXX_LANGUAGE_STANDARD = "gnu++20";
				CLANG_ENABLE_MODULES = YES;
				CLANG_ENABLE_OBJC_ARC = YES;
				CLANG_ENABLE_OBJC_WEAK = YES;
				CLANG_WARN_BLOCK_CAPTURE_AUTORELEASING = YES;
				CLANG_WARN_BOOL_CONVERSION = YES;
				CLANG_WARN_COMMA = YES;
				CLANG_WARN_CONSTANT_CONVERSION = YES;
				CLANG_WARN_DEPRECATED_OBJC_IMPLEMENTATIONS = YES;
				CLANG_WARN_DIRECT_OBJC_ISA_USAGE = YES_ERROR;
				CLANG_WARN_DOCUMENTATION_COMMENTS = YES;
				CLANG_WARN_EMPTY_BODY = YES;
				CLANG_WARN_ENUM_CONVERSION = YES;
				CLANG_WARN_INFINITE_RECURSION = YES;
				CLANG_WARN_INT_CONVERSION = YES;
				CLANG_WARN_NON_LITERAL_NULL_CONVERSION = YES;
				CLANG_WARN_OBJC_IMPLICIT_RETAIN_SELF = YES;
				CLANG_WARN_OBJC_LITERAL_CONVERSION = YES;
				CLANG_WARN_OBJC_ROOT_CLASS = YES_ERROR;
				CLANG_WARN_QUOTED_INCLUDE_IN_FRAMEWORK_HEADER = YES;
				CLANG_WARN_RANGE_LOOP_ANALYSIS = YES;
				CLANG_WARN_STRICT_PROTOTYPES = YES;
				CLANG_WARN_SUSPICIOUS_MOVE = YES;
				CLANG_WARN_UNGUARDED_AVAILABILITY = YES_AGGRESSIVE;
				CLANG_WARN_UNREACHABLE_CODE = YES;
				CLANG_WARN__DUPLICATE_METHOD_MATCH = YES;
				COPY_PHASE_STRIP = NO;
				DEBUG_INFORMATION_FORMAT = "dwarf-with-dsym";
				ENABLE_NS_ASSERTIONS = NO;
				ENABLE_STRICT_OBJC_MSGSEND = YES;
				ENABLE_USER_SCRIPT_SANDBOXING = YES;
				GCC_C_LANGUAGE_STANDARD = gnu17;
				GCC_NO_COMMON_BLOCKS = YES;
				GCC_WARN_64_TO_32_BIT_CONVERSION = YES;
				GCC_WARN_ABOUT_RETURN_TYPE = YES_ERROR;
				GCC_WARN_UNDECLARED_SELECTOR = YES;
				GCC_WARN_UNINITIALIZED_AUTOS = YES_AGGRESSIVE;
				GCC_WARN_UNUSED_FUNCTION = YES;
				GCC_WARN_UNUSED_VARIABLE = YES;
				IPHONEOS_DEPLOYMENT_TARGET = 18.0;
				LOCALIZATION_PREFERS_STRING_CATALOGS = YES;
				MTL_ENABLE_DEBUG_INFO = NO;
				MTL_FAST_MATH = YES;
				SDKROOT = iphoneos;
				SWIFT_COMPILATION_MODE = wholemodule;
				VALIDATE_PRODUCT = YES;
			};
			name = Release;
		};
		4820CB1E2C2316CA008B12B5 /* Debug */ = {
			isa = XCBuildConfiguration;
			buildSettings = {
				ASSETCATALOG_COMPILER_APPICON_NAME = AppIcon;
				ASSETCATALOG_COMPILER_GLOBAL_ACCENT_COLOR_NAME = AccentColor;
				CODE_SIGN_STYLE = Automatic;
				CURRENT_PROJECT_VERSION = 1;
				DEVELOPMENT_ASSET_PATHS = "\"Assignment_1/Preview Content\"";
				DEVELOPMENT_TEAM = 63N9M44LL4;
				ENABLE_PREVIEWS = YES;
				GENERATE_INFOPLIST_FILE = YES;
				INFOPLIST_FILE = "Assignment-1-Info.plist";
				INFOPLIST_KEY_UIApplicationSceneManifest_Generation = YES;
				INFOPLIST_KEY_UIApplicationSupportsIndirectInputEvents = YES;
				INFOPLIST_KEY_UILaunchScreen_Generation = YES;
				INFOPLIST_KEY_UISupportedInterfaceOrientations_iPad = "UIInterfaceOrientationPortrait UIInterfaceOrientationPortraitUpsideDown UIInterfaceOrientationLandscapeLeft UIInterfaceOrientationLandscapeRight";
				INFOPLIST_KEY_UISupportedInterfaceOrientations_iPhone = "UIInterfaceOrientationPortrait UIInterfaceOrientationLandscapeLeft UIInterfaceOrientationLandscapeRight";
				LD_RUNPATH_SEARCH_PATHS = (
					"$(inherited)",
					"@executable_path/Frameworks",
				);
				MARKETING_VERSION = 1.0;
				PRODUCT_BUNDLE_IDENTIFIER = "com.techie.Assignment-1";
				PRODUCT_NAME = "$(TARGET_NAME)";
				SWIFT_EMIT_LOC_STRINGS = YES;
				SWIFT_VERSION = 5.0;
				TARGETED_DEVICE_FAMILY = "1,2";
			};
			name = Debug;
		};
		4820CB1F2C2316CA008B12B5 /* Release */ = {
			isa = XCBuildConfiguration;
			buildSettings = {
				ASSETCATALOG_COMPILER_APPICON_NAME = AppIcon;
				ASSETCATALOG_COMPILER_GLOBAL_ACCENT_COLOR_NAME = AccentColor;
				CODE_SIGN_STYLE = Automatic;
				CURRENT_PROJECT_VERSION = 1;
				DEVELOPMENT_ASSET_PATHS = "\"Assignment_1/Preview Content\"";
				DEVELOPMENT_TEAM = 63N9M44LL4;
				ENABLE_PREVIEWS = YES;
				GENERATE_INFOPLIST_FILE = YES;
				INFOPLIST_FILE = "Assignment-1-Info.plist";
				INFOPLIST_KEY_UIApplicationSceneManifest_Generation = YES;
				INFOPLIST_KEY_UIApplicationSupportsIndirectInputEvents = YES;
				INFOPLIST_KEY_UILaunchScreen_Generation = YES;
				INFOPLIST_KEY_UISupportedInterfaceOrientations_iPad = "UIInterfaceOrientationPortrait UIInterfaceOrientationPortraitUpsideDown UIInterfaceOrientationLandscapeLeft UIInterfaceOrientationLandscapeRight";
				INFOPLIST_KEY_UISupportedInterfaceOrientations_iPhone = "UIInterfaceOrientationPortrait UIInterfaceOrientationLandscapeLeft UIInterfaceOrientationLandscapeRight";
				LD_RUNPATH_SEARCH_PATHS = (
					"$(inherited)",
					"@executable_path/Frameworks",
				);
				MARKETING_VERSION = 1.0;
				PRODUCT_BUNDLE_IDENTIFIER = "com.techie.Assignment-1";
				PRODUCT_NAME = "$(TARGET_NAME)";
				SWIFT_EMIT_LOC_STRINGS = YES;
				SWIFT_VERSION = 5.0;
				TARGETED_DEVICE_FAMILY = "1,2";
			};
			name = Release;
		};
		4820CB212C2316CA008B12B5 /* Debug */ = {
			isa = XCBuildConfiguration;
			buildSettings = {
				BUNDLE_LOADER = "$(TEST_HOST)";
				CODE_SIGN_STYLE = Automatic;
				CURRENT_PROJECT_VERSION = 1;
				DEVELOPMENT_TEAM = 63N9M44LL4;
				GENERATE_INFOPLIST_FILE = YES;
				IPHONEOS_DEPLOYMENT_TARGET = 18.0;
				MARKETING_VERSION = 1.0;
				PRODUCT_BUNDLE_IDENTIFIER = "com.techie.Assignment-1Tests";
				PRODUCT_NAME = "$(TARGET_NAME)";
				SWIFT_EMIT_LOC_STRINGS = NO;
				SWIFT_VERSION = 5.0;
				TARGETED_DEVICE_FAMILY = "1,2";
				TEST_HOST = "$(BUILT_PRODUCTS_DIR)/Assignment_1.app/$(BUNDLE_EXECUTABLE_FOLDER_PATH)/Assignment_1";
			};
			name = Debug;
		};
		4820CB222C2316CA008B12B5 /* Release */ = {
			isa = XCBuildConfiguration;
			buildSettings = {
				BUNDLE_LOADER = "$(TEST_HOST)";
				CODE_SIGN_STYLE = Automatic;
				CURRENT_PROJECT_VERSION = 1;
				DEVELOPMENT_TEAM = 63N9M44LL4;
				GENERATE_INFOPLIST_FILE = YES;
				IPHONEOS_DEPLOYMENT_TARGET = 18.0;
				MARKETING_VERSION = 1.0;
				PRODUCT_BUNDLE_IDENTIFIER = "com.techie.Assignment-1Tests";
				PRODUCT_NAME = "$(TARGET_NAME)";
				SWIFT_EMIT_LOC_STRINGS = NO;
				SWIFT_VERSION = 5.0;
				TARGETED_DEVICE_FAMILY = "1,2";
				TEST_HOST = "$(BUILT_PRODUCTS_DIR)/Assignment_1.app/$(BUNDLE_EXECUTABLE_FOLDER_PATH)/Assignment_1";
			};
			name = Release;
		};
		4820CB242C2316CA008B12B5 /* Debug */ = {
			isa = XCBuildConfiguration;
			buildSettings = {
				CODE_SIGN_STYLE = Automatic;
				CURRENT_PROJECT_VERSION = 1;
				DEVELOPMENT_TEAM = 63N9M44LL4;
				GENERATE_INFOPLIST_FILE = YES;
				MARKETING_VERSION = 1.0;
				PRODUCT_BUNDLE_IDENTIFIER = "com.techie.Assignment-1UITests";
				PRODUCT_NAME = "$(TARGET_NAME)";
				SWIFT_EMIT_LOC_STRINGS = NO;
				SWIFT_VERSION = 5.0;
				TARGETED_DEVICE_FAMILY = "1,2";
				TEST_TARGET_NAME = Assignment_1;
			};
			name = Debug;
		};
		4820CB252C2316CA008B12B5 /* Release */ = {
			isa = XCBuildConfiguration;
			buildSettings = {
				CODE_SIGN_STYLE = Automatic;
				CURRENT_PROJECT_VERSION = 1;
				DEVELOPMENT_TEAM = 63N9M44LL4;
				GENERATE_INFOPLIST_FILE = YES;
				MARKETING_VERSION = 1.0;
				PRODUCT_BUNDLE_IDENTIFIER = "com.techie.Assignment-1UITests";
				PRODUCT_NAME = "$(TARGET_NAME)";
				SWIFT_EMIT_LOC_STRINGS = NO;
				SWIFT_VERSION = 5.0;
				TARGETED_DEVICE_FAMILY = "1,2";
				TEST_TARGET_NAME = Assignment_1;
			};
			name = Release;
		};
/* End XCBuildConfiguration section */

/* Begin XCConfigurationList section */
		4820CAF42C2316C8008B12B5 /* Build configuration list for PBXProject "Assignment_1" */ = {
			isa = XCConfigurationList;
			buildConfigurations = (
				4820CB1B2C2316CA008B12B5 /* Debug */,
				4820CB1C2C2316CA008B12B5 /* Release */,
			);
			defaultConfigurationIsVisible = 0;
			defaultConfigurationName = Release;
		};
		4820CB1D2C2316CA008B12B5 /* Build configuration list for PBXNativeTarget "Assignment_1" */ = {
			isa = XCConfigurationList;
			buildConfigurations = (
				4820CB1E2C2316CA008B12B5 /* Debug */,
				4820CB1F2C2316CA008B12B5 /* Release */,
			);
			defaultConfigurationIsVisible = 0;
			defaultConfigurationName = Release;
		};
		4820CB202C2316CA008B12B5 /* Build configuration list for PBXNativeTarget "Assignment_1Tests" */ = {
			isa = XCConfigurationList;
			buildConfigurations = (
				4820CB212C2316CA008B12B5 /* Debug */,
				4820CB222C2316CA008B12B5 /* Release */,
			);
			defaultConfigurationIsVisible = 0;
			defaultConfigurationName = Release;
		};
		4820CB232C2316CA008B12B5 /* Build configuration list for PBXNativeTarget "Assignment_1UITests" */ = {
			isa = XCConfigurationList;
			buildConfigurations = (
				4820CB242C2316CA008B12B5 /* Debug */,
				4820CB252C2316CA008B12B5 /* Release */,
			);
			defaultConfigurationIsVisible = 0;
			defaultConfigurationName = Release;
		};
/* End XCConfigurationList section */

/* Begin XCRemoteSwiftPackageReference section */
		486355E52C262B9C007939F2 /* XCRemoteSwiftPackageReference "GoogleSignIn-iOS" */ = {
			isa = XCRemoteSwiftPackageReference;
			repositoryURL = "https://github.com/google/GoogleSignIn-iOS";
			requirement = {
				kind = upToNextMajorVersion;
				minimumVersion = 7.1.0;
			};
		};
/* End XCRemoteSwiftPackageReference section */

/* Begin XCSwiftPackageProductDependency section */
		486355E62C262B9C007939F2 /* GoogleSignIn */ = {
			isa = XCSwiftPackageProductDependency;
			package = 486355E52C262B9C007939F2 /* XCRemoteSwiftPackageReference "GoogleSignIn-iOS" */;
			productName = GoogleSignIn;
		};
		486355E82C262B9C007939F2 /* GoogleSignInSwift */ = {
			isa = XCSwiftPackageProductDependency;
			package = 486355E52C262B9C007939F2 /* XCRemoteSwiftPackageReference "GoogleSignIn-iOS" */;
			productName = GoogleSignInSwift;
		};
/* End XCSwiftPackageProductDependency section */
	};
	rootObject = 4820CAF12C2316C8008B12B5 /* Project object */;
}
